
Microsoft Visual Studio Solution File, Format Version 12.00
Project("{FAE04EC0-301F-11D3-BF4B-00C04F79EFBC}") = "CarSalesApi", "CarSalesApi\CarSalesApi.csproj", "{610EEC90-7365-433F-98DC-C2AC96D187DD}"
EndProject
Global
	GlobalSection(SolutionConfigurationPlatforms) = preSolution
		Debug|Any CPU = Debug|Any CPU
		Release|Any CPU = Release|Any CPU
	EndGlobalSection
	GlobalSection(ProjectConfigurationPlatforms) = postSolution
		{610EEC90-7365-433F-98DC-C2AC96D187DD}.Debug|Any CPU.ActiveCfg = Debug|Any CPU
		{610EEC90-7365-433F-98DC-C2AC96D187DD}.Debug|Any CPU.Build.0 = Debug|Any CPU
		{610EEC90-7365-433F-98DC-C2AC96D187DD}.Release|Any CPU.ActiveCfg = Release|Any CPU
		{610EEC90-7365-433F-98DC-C2AC96D187DD}.Release|Any CPU.Build.0 = Release|Any CPU
	EndGlobalSection
EndGlobal
